<Solution>
  <Folder Name="/src/">
    <Project Path="src/AccountService/AccountService.csproj" />
    <Project Path="src/EventGateway/EventGateway.csproj" />
  </Folder>
  <Folder Name="/tests/">
    <Project Path="tests/AccountService.Tests/AccountService.Tests.csproj" />
    <Project Path="tests/EventGateway.Tests/EventGateway.Tests.csproj" />
  </Folder>
</Solution>
